<?xml version="1.0" encoding="utf-8"?>
<Project ToolsVersion="4.0" xmlns="http://schemas.microsoft.com/developer/msbuild/2003">
  <ItemGroup>
    <Filter Include="Source Files">
      <UniqueIdentifier>{4FC737F1-C7A5-4376-A066-2A32D752A2FF}</UniqueIdentifier>
      <Extensions>cpp;c;cc;cxx;c++;cppm;ixx;def;odl;idl;hpj;bat;asm;asmx</Extensions>
    </Filter>
    <Filter Include="Header Files">
      <UniqueIdentifier>{93995380-89BD-4b04-88EB-625FBE52EBFB}</UniqueIdentifier>
      <Extensions>h;hh;hpp;hxx;h++;hm;inl;inc;ipp;xsd</Extensions>
    </Filter>
    <Filter Include="Resource Files">
      <UniqueIdentifier>{67DA6AB6-F800-4c08-8B7A-83BB121AAD01}</UniqueIdentifier>
      <Extensions>rc;ico;cur;bmp;dlg;rc2;rct;bin;rgs;gif;jpg;jpeg;jpe;resx;tiff;tif;png;wav;mfcribbon-ms</Extensions>
    </Filter>
  </ItemGroup>
  <ItemGroup>
    <ClCompile Include="vkInstance.cpp">
      <Filter>Source Files</Filter>
    </ClCompile>
    <ClCompile Include="vkInstanceCreateInfo.cpp">
      <Filter>Source Files</Filter>
    </ClCompile>
    <ClCompile Include="vkApplicationInfo.cpp">
      <Filter>Source Files</Filter>
    </ClCompile>
    <ClCompile Include="vkPhysicalDevice.cpp">
      <Filter>Source Files</Filter>
    </ClCompile>
    <ClCompile Include="vkDeviceQueueCreateInfo.cpp">
      <Filter>Source Files</Filter>
    </ClCompile>
    <ClCompile Include="vkDeviceCreateInfo.cpp">
      <Filter>Source Files</Filter>
    </ClCompile>
    <ClCompile Include="vkDevice.cpp">
      <Filter>Source Files</Filter>
    </ClCompile>
    <ClCompile Include="vkCommandPoolCreateInfo.cpp">
      <Filter>Source Files</Filter>
    </ClCompile>
    <ClCompile Include="vkCommandBufferAllocateInfo.cpp">
      <Filter>Source Files</Filter>
    </ClCompile>
    <ClCompile Include="vkCommandBuffer.cpp">
      <Filter>Source Files</Filter>
    </ClCompile>
    <ClCompile Include="vkCommandPool.cpp">
      <Filter>Source Files</Filter>
    </ClCompile>
    <ClCompile Include="vkWindow.cpp">
      <Filter>Source Files</Filter>
    </ClCompile>
    <ClCompile Include="vkWindowWIN.cpp">
      <Filter>Source Files</Filter>
    </ClCompile>
    <ClCompile Include="vkWin32SurfaceCreateInfo.cpp">
      <Filter>Source Files</Filter>
    </ClCompile>
    <ClCompile Include="vkSurfaceCreateInfo.cpp">
      <Filter>Source Files</Filter>
    </ClCompile>
    <ClCompile Include="vkSurfaceKHR.cpp">
      <Filter>Source Files</Filter>
    </ClCompile>
    <ClCompile Include="vkSwapchainCreateInfoKHR.cpp">
      <Filter>Source Files</Filter>
    </ClCompile>
    <ClCompile Include="vkSwapchainKHR.cpp">
      <Filter>Source Files</Filter>
    </ClCompile>
    <ClCompile Include="vkImageViewCreateInfo.cpp">
      <Filter>Source Files</Filter>
    </ClCompile>
    <ClCompile Include="vkImageView.cpp">
      <Filter>Source Files</Filter>
    </ClCompile>
    <ClCompile Include="vkImageCreateInfo.cpp">
      <Filter>Source Files</Filter>
    </ClCompile>
    <ClCompile Include="vkImage.cpp">
      <Filter>Source Files</Filter>
    </ClCompile>
    <ClCompile Include="vkMemoryAllocateInfo.cpp">
      <Filter>Source Files</Filter>
    </ClCompile>
    <ClCompile Include="vkBufferCreateInfo.cpp">
      <Filter>Source Files</Filter>
    </ClCompile>
    <ClCompile Include="vkBuffer.cpp">
      <Filter>Source Files</Filter>
    </ClCompile>
    <ClCompile Include="vkDescriptorSetLayoutBinding.cpp">
      <Filter>Source Files</Filter>
    </ClCompile>
    <ClCompile Include="vkDescriptorSetLayoutCreateInfo.cpp">
      <Filter>Source Files</Filter>
    </ClCompile>
    <ClCompile Include="vkDescriptorSetLayout.cpp">
      <Filter>Source Files</Filter>
    </ClCompile>
    <ClCompile Include="vkPipelineLayoutCreateInfo.cpp">
      <Filter>Source Files</Filter>
    </ClCompile>
    <ClCompile Include="vkPipelineLayout.cpp">
      <Filter>Source Files</Filter>
    </ClCompile>
    <ClCompile Include="vkDescriptorPoolCreateInfo.cpp">
      <Filter>Source Files</Filter>
    </ClCompile>
    <ClCompile Include="vkDescriptorPool.cpp">
      <Filter>Source Files</Filter>
    </ClCompile>
    <ClCompile Include="vkDescriptorSetAllocateInfo.cpp">
      <Filter>Source Files</Filter>
    </ClCompile>
    <ClCompile Include="vkDescriptorSet.cpp">
      <Filter>Source Files</Filter>
    </ClCompile>
    <ClCompile Include="vkWriteDescriptorSet.cpp">
      <Filter>Source Files</Filter>
    </ClCompile>
    <ClCompile Include="vkBufferViewCreateInfo.cpp">
      <Filter>Source Files</Filter>
    </ClCompile>
    <ClCompile Include="vkBufferView.cpp">
      <Filter>Source Files</Filter>
    </ClCompile>
    <ClCompile Include="vkDescriptorBufferInfo.cpp">
      <Filter>Source Files</Filter>
    </ClCompile>
    <ClCompile Include="vkSamplerCreateInfo.cpp">
      <Filter>Source Files</Filter>
    </ClCompile>
    <ClCompile Include="vkSampler.cpp">
      <Filter>Source Files</Filter>
    </ClCompile>
    <ClCompile Include="vkDescriptorImageInfo.cpp">
      <Filter>Source Files</Filter>
    </ClCompile>
    <ClCompile Include="vkCopyDescriptorSet.cpp">
      <Filter>Source Files</Filter>
    </ClCompile>
    <ClCompile Include="vkSemaphoreCreateInfo.cpp">
      <Filter>Source Files</Filter>
    </ClCompile>
    <ClCompile Include="vkSemaphore.cpp">
      <Filter>Source Files</Filter>
    </ClCompile>
    <ClCompile Include="vkFenceCreateInfo.cpp">
      <Filter>Source Files</Filter>
    </ClCompile>
    <ClCompile Include="vkFence.cpp">
      <Filter>Source Files</Filter>
    </ClCompile>
    <ClCompile Include="vkAttachmentDescription.cpp">
      <Filter>Source Files</Filter>
    </ClCompile>
    <ClCompile Include="vkAttachmentReference.cpp">
      <Filter>Source Files</Filter>
    </ClCompile>
    <ClCompile Include="vkSubpassDescription.cpp">
      <Filter>Source Files</Filter>
    </ClCompile>
    <ClCompile Include="vkSubpassDependency.cpp">
      <Filter>Source Files</Filter>
    </ClCompile>
    <ClCompile Include="vkRenderPassCreateInfo.cpp">
      <Filter>Source Files</Filter>
    </ClCompile>
    <ClCompile Include="vkRenderPass.cpp">
      <Filter>Source Files</Filter>
    </ClCompile>
    <ClCompile Include="vkPipelineShaderStageCreateInfo.cpp">
      <Filter>Source Files</Filter>
    </ClCompile>
    <ClCompile Include="vkShaderModuleCreateInfo.cpp">
      <Filter>Source Files</Filter>
    </ClCompile>
    <ClCompile Include="vkShaderModule.cpp">
      <Filter>Source Files</Filter>
    </ClCompile>
    <ClCompile Include="vkFramebufferCreateInfo.cpp">
      <Filter>Source Files</Filter>
    </ClCompile>
    <ClCompile Include="vkFramebuffer.cpp">
      <Filter>Source Files</Filter>
    </ClCompile>
    <ClCompile Include="vkCommandBufferBeginInfo.cpp">
      <Filter>Source Files</Filter>
    </ClCompile>
    <ClCompile Include="vkCommandBufferInheritanceInfo.cpp">
      <Filter>Source Files</Filter>
    </ClCompile>
    <ClCompile Include="vkQueue.cpp">
      <Filter>Source Files</Filter>
    </ClCompile>
    <ClCompile Include="vkSubmitInfo.cpp">
      <Filter>Source Files</Filter>
    </ClCompile>
    <ClCompile Include="vkVertexInputBindingDescription.cpp">
      <Filter>Source Files</Filter>
    </ClCompile>
    <ClCompile Include="vkVertexInputAttributeDescription.cpp">
      <Filter>Source Files</Filter>
    </ClCompile>
    <ClCompile Include="vkRenderPassBeginInfo.cpp">
      <Filter>Source Files</Filter>
    </ClCompile>
    <ClCompile Include="vkPipelineDynamicStateCreateInfo.cpp">
      <Filter>Source Files</Filter>
    </ClCompile>
    <ClCompile Include="vkPipelineVertexInputStateCreateInfo.cpp">
      <Filter>Source Files</Filter>
    </ClCompile>
    <ClCompile Include="vkPipelineInputAssemblyStateCreateInfo.cpp">
      <Filter>Source Files</Filter>
    </ClCompile>
    <ClCompile Include="vkPipelineRasterizationStateCreateInfo.cpp">
      <Filter>Source Files</Filter>
    </ClCompile>
    <ClCompile Include="vkPipelineColorBlendStateCreateInfo.cpp">
      <Filter>Source Files</Filter>
    </ClCompile>
    <ClCompile Include="vkPipelineViewportStateCreateInfo.cpp">
      <Filter>Source Files</Filter>
    </ClCompile>
    <ClCompile Include="vkPipelineDepthStencilStateCreateInfo.cpp">
      <Filter>Source Files</Filter>
    </ClCompile>
    <ClCompile Include="vkPipelineMultisampleStateCreateInfo.cpp">
      <Filter>Source Files</Filter>
    </ClCompile>
    <ClCompile Include="vkGraphicsPipelineCreateInfo.cpp">
      <Filter>Source Files</Filter>
    </ClCompile>
    <ClCompile Include="vkGraphicsPipeline.cpp">
      <Filter>Source Files</Filter>
    </ClCompile>
    <ClCompile Include="vkPipelineColorBlendAttachmentState.cpp">
      <Filter>Source Files</Filter>
    </ClCompile>
    <ClCompile Include="vkPipelineTessellationStateCreateInfo.cpp">
      <Filter>Source Files</Filter>
    </ClCompile>
    <ClCompile Include="vkPresentInfoKHR.cpp">
      <Filter>Source Files</Filter>
    </ClCompile>
  </ItemGroup>
  <ItemGroup>
    <ClInclude Include="vkInstance.h">
      <Filter>Header Files</Filter>
    </ClInclude>
    <ClInclude Include="vkInstanceCreateInfo.h">
      <Filter>Header Files</Filter>
    </ClInclude>
    <ClInclude Include="vkApplicationInfo.h">
      <Filter>Header Files</Filter>
    </ClInclude>
    <ClInclude Include="vkPhysicalDevice.h">
      <Filter>Header Files</Filter>
    </ClInclude>
    <ClInclude Include="vkDeviceQueueCreateInfo.h">
      <Filter>Header Files</Filter>
    </ClInclude>
    <ClInclude Include="vkDeviceCreateInfo.h">
      <Filter>Header Files</Filter>
    </ClInclude>
    <ClInclude Include="vkDevice.h">
      <Filter>Header Files</Filter>
    </ClInclude>
    <ClInclude Include="vkCommandPoolCreateInfo.h">
      <Filter>Header Files</Filter>
    </ClInclude>
    <ClInclude Include="vkCommandBufferAllocateInfo.h">
      <Filter>Header Files</Filter>
    </ClInclude>
    <ClInclude Include="vkCommandBuffer.h">
      <Filter>Header Files</Filter>
    </ClInclude>
    <ClInclude Include="vkCommandPool.h">
      <Filter>Header Files</Filter>
    </ClInclude>
    <ClInclude Include="vkWindow.h">
      <Filter>Header Files</Filter>
    </ClInclude>
    <ClInclude Include="vkWindowWIN.h">
      <Filter>Header Files</Filter>
    </ClInclude>
    <ClInclude Include="vkWin32SurfaceCreateInfo.h">
      <Filter>Header Files</Filter>
    </ClInclude>
    <ClInclude Include="vkSurfaceCreateInfo.h">
      <Filter>Header Files</Filter>
    </ClInclude>
    <ClInclude Include="vkSurfaceKHR.h">
      <Filter>Header Files</Filter>
    </ClInclude>
    <ClInclude Include="vkSwapchainCreateInfoKHR.h">
      <Filter>Header Files</Filter>
    </ClInclude>
    <ClInclude Include="vkSwapchainKHR.h">
      <Filter>Header Files</Filter>
    </ClInclude>
    <ClInclude Include="vkImageViewCreateInfo.h">
      <Filter>Header Files</Filter>
    </ClInclude>
    <ClInclude Include="vkImageView.h">
      <Filter>Header Files</Filter>
    </ClInclude>
    <ClInclude Include="vkImageCreateInfo.h">
      <Filter>Header Files</Filter>
    </ClInclude>
    <ClInclude Include="vkImage.h">
      <Filter>Header Files</Filter>
    </ClInclude>
    <ClInclude Include="vkMemoryAllocateInfo.h">
      <Filter>Header Files</Filter>
    </ClInclude>
    <ClInclude Include="vkBufferCreateInfo.h">
      <Filter>Header Files</Filter>
    </ClInclude>
    <ClInclude Include="vkBuffer.h">
      <Filter>Header Files</Filter>
    </ClInclude>
    <ClInclude Include="vkDescriptorSetLayoutBinding.h">
      <Filter>Header Files</Filter>
    </ClInclude>
    <ClInclude Include="vkDescriptorSetLayoutCreateInfo.h">
      <Filter>Header Files</Filter>
    </ClInclude>
    <ClInclude Include="vkDescriptorSetLayout.h">
      <Filter>Header Files</Filter>
    </ClInclude>
    <ClInclude Include="vkPipelineLayoutCreateInfo.h">
      <Filter>Header Files</Filter>
    </ClInclude>
    <ClInclude Include="vkPipelineLayout.h">
      <Filter>Header Files</Filter>
    </ClInclude>
    <ClInclude Include="vkDescriptorPoolCreateInfo.h">
      <Filter>Header Files</Filter>
    </ClInclude>
    <ClInclude Include="vkDescriptorPool.h">
      <Filter>Header Files</Filter>
    </ClInclude>
    <ClInclude Include="vkDescriptorSetAllocateInfo.h">
      <Filter>Header Files</Filter>
    </ClInclude>
    <ClInclude Include="vkDescriptorSet.h">
      <Filter>Header Files</Filter>
    </ClInclude>
    <ClInclude Include="vkWriteDescriptorSet.h">
      <Filter>Header Files</Filter>
    </ClInclude>
    <ClInclude Include="vkBufferViewCreateInfo.h">
      <Filter>Header Files</Filter>
    </ClInclude>
    <ClInclude Include="vkBufferView.h">
      <Filter>Header Files</Filter>
    </ClInclude>
    <ClInclude Include="vkDescriptorBufferInfo.h">
      <Filter>Header Files</Filter>
    </ClInclude>
    <ClInclude Include="vkSamplerCreateInfo.h">
      <Filter>Header Files</Filter>
    </ClInclude>
    <ClInclude Include="vkSampler.h">
      <Filter>Header Files</Filter>
    </ClInclude>
    <ClInclude Include="vkDescriptorImageInfo.h">
      <Filter>Header Files</Filter>
    </ClInclude>
    <ClInclude Include="vkCopyDescriptorSet.h">
      <Filter>Header Files</Filter>
    </ClInclude>
    <ClInclude Include="vkSemaphoreCreateInfo.h">
      <Filter>Header Files</Filter>
    </ClInclude>
    <ClInclude Include="vkSemaphore.h">
      <Filter>Header Files</Filter>
    </ClInclude>
    <ClInclude Include="vkFenceCreateInfo.h">
      <Filter>Header Files</Filter>
    </ClInclude>
    <ClInclude Include="vkFence.h">
      <Filter>Header Files</Filter>
    </ClInclude>
    <ClInclude Include="vkAttachmentDescription.h">
      <Filter>Header Files</Filter>
    </ClInclude>
    <ClInclude Include="vkAttachmentReference.h">
      <Filter>Header Files</Filter>
    </ClInclude>
    <ClInclude Include="vkSubpassDescription.h">
      <Filter>Header Files</Filter>
    </ClInclude>
    <ClInclude Include="vkSubpassDependency.h">
      <Filter>Header Files</Filter>
    </ClInclude>
    <ClInclude Include="vkRenderPassCreateInfo.h">
      <Filter>Header Files</Filter>
    </ClInclude>
    <ClInclude Include="vkRenderPass.h">
      <Filter>Header Files</Filter>
    </ClInclude>
    <ClInclude Include="vkPipelineShaderStageCreateInfo.h">
      <Filter>Header Files</Filter>
    </ClInclude>
    <ClInclude Include="vkShaderModuleCreateInfo.h">
      <Filter>Header Files</Filter>
    </ClInclude>
    <ClInclude Include="vkShaderModule.h">
      <Filter>Header Files</Filter>
    </ClInclude>
    <ClInclude Include="vkFramebufferCreateInfo.h">
      <Filter>Header Files</Filter>
    </ClInclude>
    <ClInclude Include="vkFramebuffer.h">
      <Filter>Header Files</Filter>
    </ClInclude>
    <ClInclude Include="vkCommandBufferBeginInfo.h">
      <Filter>Header Files</Filter>
    </ClInclude>
    <ClInclude Include="vkCommandBufferInheritanceInfo.h">
      <Filter>Header Files</Filter>
    </ClInclude>
    <ClInclude Include="vkQueue.h">
      <Filter>Header Files</Filter>
    </ClInclude>
    <ClInclude Include="vkSubmitInfo.h">
      <Filter>Header Files</Filter>
    </ClInclude>
    <ClInclude Include="vkVertexInputBindingDescription.h">
      <Filter>Header Files</Filter>
    </ClInclude>
    <ClInclude Include="vkVertexInputAttributeDescription.h">
      <Filter>Header Files</Filter>
    </ClInclude>
    <ClInclude Include="vkRenderPassBeginInfo.h">
      <Filter>Header Files</Filter>
    </ClInclude>
    <ClInclude Include="vkPipelineDynamicStateCreateInfo.h">
      <Filter>Header Files</Filter>
    </ClInclude>
    <ClInclude Include="vkPipelineVertexInputStateCreateInfo.h">
      <Filter>Header Files</Filter>
    </ClInclude>
    <ClInclude Include="vkPipelineInputAssemblyStateCreateInfo.h">
      <Filter>Header Files</Filter>
    </ClInclude>
    <ClInclude Include="vkPipelineRasterizationStateCreateInfo.h">
      <Filter>Header Files</Filter>
    </ClInclude>
    <ClInclude Include="vkPipelineColorBlendStateCreateInfo.h">
      <Filter>Header Files</Filter>
    </ClInclude>
    <ClInclude Include="vkPipelineViewportStateCreateInfo.h">
      <Filter>Header Files</Filter>
    </ClInclude>
    <ClInclude Include="vkPipelineDepthStencilStateCreateInfo.h">
      <Filter>Header Files</Filter>
    </ClInclude>
    <ClInclude Include="vkPipelineMultisampleStateCreateInfo.h">
      <Filter>Header Files</Filter>
    </ClInclude>
    <ClInclude Include="vkGraphicsPipelineCreateInfo.h">
      <Filter>Header Files</Filter>
    </ClInclude>
    <ClInclude Include="vkGraphicsPipeline.h">
      <Filter>Header Files</Filter>
    </ClInclude>
    <ClInclude Include="vkPipelineColorBlendAttachmentState.h">
      <Filter>Header Files</Filter>
    </ClInclude>
    <ClInclude Include="vkPipelineTessellationStateCreateInfo.h">
      <Filter>Header Files</Filter>
    </ClInclude>
    <ClInclude Include="vkPresentInfoKHR.h">
      <Filter>Header Files</Filter>
    </ClInclude>
  </ItemGroup>
</Project>